
Microsoft Visual Studio Solution File, Format Version 12.00
# Visual Studio Version 16
VisualStudioVersion = 16.0.31911.196
MinimumVisualStudioVersion = 10.0.40219.1
Project("{FAE04EC0-301F-11D3-BF4B-00C04F79EFBC}") = "Impressão", "Impressão\Impressão.csproj", "{A0846122-A5E7-4ABD-84A0-15BEDDB695C5}"
EndProject
Global
	GlobalSection(SolutionConfigurationPlatforms) = preSolution
		Debug|Any CPU = Debug|Any CPU
		Release|Any CPU = Release|Any CPU
	EndGlobalSection
	GlobalSection(ProjectConfigurationPlatforms) = postSolution
		{A0846122-A5E7-4ABD-84A0-15BEDDB695C5}.Debug|Any CPU.ActiveCfg = Debug|Any CPU
		{A0846122-A5E7-4ABD-84A0-15BEDDB695C5}.Debug|Any CPU.Build.0 = Debug|Any CPU
		{A0846122-A5E7-4ABD-84A0-15BEDDB695C5}.Release|Any CPU.ActiveCfg = Release|Any CPU
		{A0846122-A5E7-4ABD-84A0-15BEDDB695C5}.Release|Any CPU.Build.0 = Release|Any CPU
	EndGlobalSection
	GlobalSection(SolutionProperties) = preSolution
		HideSolutionNode = FALSE
	EndGlobalSection
	GlobalSection(ExtensibilityGlobals) = postSolution
		SolutionGuid = {9F8EC04B-EFE8-4B5F-B2B9-0DAEFFF11516}
	EndGlobalSection
EndGlobal
